{
  "version": 4,
  "terraform_version": "1.6.3",
  "serial": 7,
  "lineage": "d1081773-bee5-0b1f-bf25-6a8486452715",
  "outputs": {},
  "resources": [
    {
      "mode": "managed",
      "type": "yandex_vpc_network",
      "name": "my-service-network",
      "provider": "provider[\"registry.terraform.io/yandex-cloud/yandex\"]",
      "instances": [
        {
          "schema_version": 0,
          "attributes": {
            "created_at": "2026-06-14T20:58:59Z",
            "default_security_group_id": "enp5imrstv0ho92if7f3",
            "description": "",
            "folder_id": "b1ge0871kp77ffglqsel",
            "id": "enpe8rbfhrv1uk35n1cb",
            "labels": {},
            "name": "my-service-network",
            "subnet_ids": [
              "e9b3udg9tp54ojd85q0r"
            ],
            "timeouts": null
          },
          "sensitive_attributes": [],
          "private": "eyJlMmJmYjczMC1lY2FhLTExZTYtOGY4OC0zNDM2M2JjN2M0YzAiOnsiY3JlYXRlIjo2MDAwMDAwMDAwMCwiZGVsZXRlIjo2MDAwMDAwMDAwMCwidXBkYXRlIjo2MDAwMDAwMDAwMH19"
        }
      ]
    },
    {
      "mode": "managed",
      "type": "yandex_vpc_subnet",
      "name": "default",
      "provider": "provider[\"registry.terraform.io/yandex-cloud/yandex\"]",
      "instances": [
        {
          "schema_version": 0,
          "attributes": {
            "created_at": "2026-06-14T20:59:00Z",
            "description": "",
            "dhcp_options": [],
            "folder_id": "b1ge0871kp77ffglqsel",
            "id": "e9b3udg9tp54ojd85q0r",
            "labels": {},
            "name": "my-service-subnet",
            "network_id": "enpe8rbfhrv1uk35n1cb",
            "route_table_id": "",
            "timeouts": null,
            "v4_cidr_blocks": [
              "10.0.1.0/24"
            ],
            "v6_cidr_blocks": [],
            "zone": "ru-central1-a"
          },
          "sensitive_attributes": [],
          "private": "eyJlMmJmYjczMC1lY2FhLTExZTYtOGY4OC0zNDM2M2JjN2M0YzAiOnsiY3JlYXRlIjoxODAwMDAwMDAwMDAsImRlbGV0ZSI6MTgwMDAwMDAwMDAwLCJ1cGRhdGUiOjE4MDAwMDAwMDAwMH19",
          "dependencies": [
            "yandex_vpc_network.my-service-network"
          ]
        }
      ]
    }
  ],
  "check_results": null
}
